
Microsoft Visual Studio Solution File, Format Version 12.00
# Visual Studio Version 17
VisualStudioVersion = 17.6.33829.357
MinimumVisualStudioVersion = 10.0.40219.1
Project("{9A19103F-16F7-4668-BE54-9A1E7A4F7556}") = "01.Array Rotation", "01.Problem1\01.Array Rotation.csproj", "{88506F69-79FB-4299-8F0D-A7E1DDADD4CE}"
EndProject
Project("{9A19103F-16F7-4668-BE54-9A1E7A4F7556}") = "02.Calculate Average Grade", "02.Problem2\02.Calculate Average Grade.csproj", "{130D8217-5F29-4A58-8E70-0E4579A88CBF}"
EndProject
Project("{9A19103F-16F7-4668-BE54-9A1E7A4F7556}") = "03.Problem3", "03.Problem3\03.Problem3.csproj", "{C98CB215-8455-4D99-9CC0-6245F7833196}"
EndProject
Project("{9A19103F-16F7-4668-BE54-9A1E7A4F7556}") = "ListRotation", "04.Problem4\ListRotation.csproj", "{E15D4B4E-7A08-46DF-B8B5-F5FFFAE72F76}"
EndProject
Global
	GlobalSection(SolutionConfigurationPlatforms) = preSolution
		Debug|Any CPU = Debug|Any CPU
		Release|Any CPU = Release|Any CPU
	EndGlobalSection
	GlobalSection(ProjectConfigurationPlatforms) = postSolution
		{88506F69-79FB-4299-8F0D-A7E1DDADD4CE}.Debug|Any CPU.ActiveCfg = Debug|Any CPU
		{88506F69-79FB-4299-8F0D-A7E1DDADD4CE}.Debug|Any CPU.Build.0 = Debug|Any CPU
		{88506F69-79FB-4299-8F0D-A7E1DDADD4CE}.Release|Any CPU.ActiveCfg = Release|Any CPU
		{88506F69-79FB-4299-8F0D-A7E1DDADD4CE}.Release|Any CPU.Build.0 = Release|Any CPU
		{130D8217-5F29-4A58-8E70-0E4579A88CBF}.Debug|Any CPU.ActiveCfg = Debug|Any CPU
		{130D8217-5F29-4A58-8E70-0E4579A88CBF}.Debug|Any CPU.Build.0 = Debug|Any CPU
		{130D8217-5F29-4A58-8E70-0E4579A88CBF}.Release|Any CPU.ActiveCfg = Release|Any CPU
		{130D8217-5F29-4A58-8E70-0E4579A88CBF}.Release|Any CPU.Build.0 = Release|Any CPU
		{C98CB215-8455-4D99-9CC0-6245F7833196}.Debug|Any CPU.ActiveCfg = Debug|Any CPU
		{C98CB215-8455-4D99-9CC0-6245F7833196}.Debug|Any CPU.Build.0 = Debug|Any CPU
		{C98CB215-8455-4D99-9CC0-6245F7833196}.Release|Any CPU.ActiveCfg = Release|Any CPU
		{C98CB215-8455-4D99-9CC0-6245F7833196}.Release|Any CPU.Build.0 = Release|Any CPU
		{E15D4B4E-7A08-46DF-B8B5-F5FFFAE72F76}.Debug|Any CPU.ActiveCfg = Debug|Any CPU
		{E15D4B4E-7A08-46DF-B8B5-F5FFFAE72F76}.Debug|Any CPU.Build.0 = Debug|Any CPU
		{E15D4B4E-7A08-46DF-B8B5-F5FFFAE72F76}.Release|Any CPU.ActiveCfg = Release|Any CPU
		{E15D4B4E-7A08-46DF-B8B5-F5FFFAE72F76}.Release|Any CPU.Build.0 = Release|Any CPU
	EndGlobalSection
	GlobalSection(SolutionProperties) = preSolution
		HideSolutionNode = FALSE
	EndGlobalSection
	GlobalSection(ExtensibilityGlobals) = postSolution
		SolutionGuid = {C704F18C-4D30-473C-8D0B-5355C123F96D}
	EndGlobalSection
EndGlobal
